
Microsoft Visual Studio Solution File, Format Version 12.00
# Visual Studio 15
Project("{FAE04EC0-301F-11D3-BF4B-00C04F79EFBC}") = "ArkAngel", "Assembly-CSharp.csproj", "{111D3C7D-E010-ECEE-85B5-1756B26D8ACC}"
EndProject
Global
	GlobalSection(SolutionConfigurationPlatforms) = preSolution
		Debug|Any CPU = Debug|Any CPU
		Release|Any CPU = Release|Any CPU
	EndGlobalSection
	GlobalSection(ProjectConfigurationPlatforms) = postSolution
		{111D3C7D-E010-ECEE-85B5-1756B26D8ACC}.Debug|Any CPU.ActiveCfg = Debug|Any CPU
		{111D3C7D-E010-ECEE-85B5-1756B26D8ACC}.Debug|Any CPU.Build.0 = Debug|Any CPU
		{111D3C7D-E010-ECEE-85B5-1756B26D8ACC}.Release|Any CPU.ActiveCfg = Release|Any CPU
		{111D3C7D-E010-ECEE-85B5-1756B26D8ACC}.Release|Any CPU.Build.0 = Release|Any CPU
	EndGlobalSection
	GlobalSection(SolutionProperties) = preSolution
		HideSolutionNode = FALSE
	EndGlobalSection
EndGlobal
